{
  "name": "Company-Finder",
  "lockfileVersion": 3,
  "requires": true,
  "packages": {
    "": {
      "dependencies": {
        "@bluehalo/ngx-leaflet": "^19.0.0",
        "@bluehalo/ngx-leaflet-markercluster": "^19.0.0",
        "@types/leaflet": "^1.9.16",
        "@types/leaflet.markercluster": "^1.5.5",
        "leaflet": "^1.9.4",
        "leaflet.markercluster": "^1.5.3"
      }
    },
    "node_modules/@angular/common": {
      "version": "19.0.6",
      "resolved": "https://registry.npmjs.org/@angular/common/-/common-19.0.6.tgz",
      "integrity": "sha512-r9IDD0+UGkrQkjyX+pApeDmIJ9INpr1uYlgmmlWNBJCVNr9SKKIVZV60sssgadew6bGynKN9dW4mGsmEzzb5BA==",
      "license": "MIT",
      "peer": true,
      "dependencies": {
        "tslib": "^2.3.0"
      },
      "engines": {
        "node": "^18.19.1 || ^20.11.1 || >=22.0.0"
      },
      "peerDependencies": {
        "@angular/core": "19.0.6",
        "rxjs": "^6.5.3 || ^7.4.0"
      }
    },
    "node_modules/@angular/core": {
      "version": "19.0.6",
      "resolved": "https://registry.npmjs.org/@angular/core/-/core-19.0.6.tgz",
      "integrity": "sha512-9N7FmdRHtS7zfXC/wnyap/reX7fgiOrWpVivayHjWP4RkLYXJAzJIpLyew0jrx4vf8r3lZnC0Zmq0PW007Ngjw==",
      "license": "MIT",
      "peer": true,
      "dependencies": {
        "tslib": "^2.3.0"
      },
      "engines": {
        "node": "^18.19.1 || ^20.11.1 || >=22.0.0"
      },
      "peerDependencies": {
        "rxjs": "^6.5.3 || ^7.4.0",
        "zone.js": "~0.15.0"
      }
    },
    "node_modules/@bluehalo/ngx-leaflet": {
      "version": "19.0.0",
      "resolved": "https://registry.npmjs.org/@bluehalo/ngx-leaflet/-/ngx-leaflet-19.0.0.tgz",
      "integrity": "sha512-c1BUyDcS5QB3bwG9QUCNJLB/G3hdYQmaj37TaeCNnKUo9TViOCEhPihCXDTRAFkobbtNGXN8lGg8uD5GXv6/Zw==",
      "license": "MIT",
      "dependencies": {
        "tslib": "^2.3.0"
      },
      "peerDependencies": {
        "@angular/common": "19",
        "@angular/core": "19",
        "leaflet": "1"
      }
    },
    "node_modules/@bluehalo/ngx-leaflet-markercluster": {
      "version": "19.0.0",
      "resolved": "https://registry.npmjs.org/@bluehalo/ngx-leaflet-markercluster/-/ngx-leaflet-markercluster-19.0.0.tgz",
      "integrity": "sha512-D0mbOLJ1IAEd1Osn0FiUkqZ+NKt97EnmB3ap1UI0hRVQ21MIYNJYPSTPczU8gHnCEaKyK2c3/luHSWiU3Mg6RA==",
      "license": "MIT",
      "dependencies": {
        "tslib": "^2.4.1"
      },
      "peerDependencies": {
        "@angular/common": "19",
        "@angular/core": "19",
        "@bluehalo/ngx-leaflet": "19",
        "leaflet": "1",
        "leaflet.markercluster": "1"
      }
    },
    "node_modules/@types/geojson": {
      "version": "7946.0.15",
      "resolved": "https://registry.npmjs.org/@types/geojson/-/geojson-7946.0.15.tgz",
      "integrity": "sha512-9oSxFzDCT2Rj6DfcHF8G++jxBKS7mBqXl5xrRW+Kbvjry6Uduya2iiwqHPhVXpasAVMBYKkEPGgKhd3+/HZ6xA==",
      "license": "MIT"
    },
    "node_modules/@types/leaflet": {
      "version": "1.9.16",
      "resolved": "https://registry.npmjs.org/@types/leaflet/-/leaflet-1.9.16.tgz",
      "integrity": "sha512-wzZoyySUxkgMZ0ihJ7IaUIblG8Rdc8AbbZKLneyn+QjYsj5q1QU7TEKYqwTr10BGSzY5LI7tJk9Ifo+mEjdFRw==",
      "license": "MIT",
      "dependencies": {
        "@types/geojson": "*"
      }
    },
    "node_modules/@types/leaflet.markercluster": {
      "version": "1.5.5",
      "resolved": "https://registry.npmjs.org/@types/leaflet.markercluster/-/leaflet.markercluster-1.5.5.tgz",
      "integrity": "sha512-TkWOhSHDM1ANxmLi+uK0PjsVcjIKBr8CLV2WoF16dIdeFmC0Cj5P5axkI3C1Xsi4+ht6EU8+BfEbbqEF9icPrg==",
      "license": "MIT",
      "dependencies": {
        "@types/leaflet": "*"
      }
    },
    "node_modules/leaflet": {
      "version": "1.9.4",
      "resolved": "https://registry.npmjs.org/leaflet/-/leaflet-1.9.4.tgz",
      "integrity": "sha512-nxS1ynzJOmOlHp+iL3FyWqK89GtNL8U8rvlMOsQdTTssxZwCXh8N2NB3GDQOL+YR3XnWyZAxwQixURb+FA74PA==",
      "license": "BSD-2-Clause"
    },
    "node_modules/leaflet.markercluster": {
      "version": "1.5.3",
      "resolved": "https://registry.npmjs.org/leaflet.markercluster/-/leaflet.markercluster-1.5.3.tgz",
      "integrity": "sha512-vPTw/Bndq7eQHjLBVlWpnGeLa3t+3zGiuM7fJwCkiMFq+nmRuG3RI3f7f4N4TDX7T4NpbAXpR2+NTRSEGfCSeA==",
      "license": "MIT",
      "peerDependencies": {
        "leaflet": "^1.3.1"
      }
    },
    "node_modules/rxjs": {
      "version": "7.8.1",
      "resolved": "https://registry.npmjs.org/rxjs/-/rxjs-7.8.1.tgz",
      "integrity": "sha512-AA3TVj+0A2iuIoQkWEK/tqFjBq2j+6PO6Y0zJcvzLAFhEFIO3HL0vls9hWLncZbAAbK0mar7oZ4V079I/qPMxg==",
      "license": "Apache-2.0",
      "peer": true,
      "dependencies": {
        "tslib": "^2.1.0"
      }
    },
    "node_modules/tslib": {
      "version": "2.8.1",
      "resolved": "https://registry.npmjs.org/tslib/-/tslib-2.8.1.tgz",
      "integrity": "sha512-oJFu94HQb+KVduSUQL7wnpmqnfmLsOA/nAh6b6EH0wCEoK0/mPeXU6c3wKDV83MkOuHPRHtSXKKU99IBazS/2w==",
      "license": "0BSD"
    },
    "node_modules/zone.js": {
      "version": "0.15.0",
      "resolved": "https://registry.npmjs.org/zone.js/-/zone.js-0.15.0.tgz",
      "integrity": "sha512-9oxn0IIjbCZkJ67L+LkhYWRyAy7axphb3VgE2MBDlOqnmHMPWGYMxJxBYFueFq/JGY2GMwS0rU+UCLunEmy5UA==",
      "license": "MIT",
      "peer": true
    }
  }
}
